// !$*UTF8*$!
{
	archiveVersion = 1;
	classes = {
	};
	objectVersion = 46;
	objects = {

/* Begin PBXBuildFile section */
		37616F501BB6D0EE0042BC56 /* AppDelegate.m in Sources */ = {isa = PBXBuildFile; fileRef = 37616F4F1BB6D0EE0042BC56 /* AppDelegate.m */; };
		37616F521BB6D0EE0042BC56 /* main.m in Sources */ = {isa = PBXBuildFile; fileRef = 37616F511BB6D0EE0042BC56 /* main.m */; };
		37616F551BB6D0EE0042BC56 /* ViewController.m in Sources */ = {isa = PBXBuildFile; fileRef = 37616F541BB6D0EE0042BC56 /* ViewController.m */; };
		37616F571BB6D0EE0042BC56 /* Images.xcassets in Resources */ = {isa = PBXBuildFile; fileRef = 37616F561BB6D0EE0042BC56 /* Images.xcassets */; };
		37616F5A1BB6D0EE0042BC56 /* Main.storyboard in Resources */ = {isa = PBXBuildFile; fileRef = 37616F581BB6D0EE0042BC56 /* Main.storyboard */; };
		37616F661BB6D0EF0042BC56 /* AntiTimeDoctorTests.m in Sources */ = {isa = PBXBuildFile; fileRef = 37616F651BB6D0EF0042BC56 /* AntiTimeDoctorTests.m */; };
		37616F7A1BB6EDF10042BC56 /* Carbon.framework in Frameworks */ = {isa = PBXBuildFile; fileRef = 37616F791BB6EDF10042BC56 /* Carbon.framework */; };
		37616F7C1BB6EE250042BC56 /* Cocoa.framework in Frameworks */ = {isa = PBXBuildFile; fileRef = 37616F7B1BB6EE250042BC56 /* Cocoa.framework */; };
		37616F871BB6F0690042BC56 /* DDHotKeyCenter.m in Sources */ = {isa = PBXBuildFile; fileRef = 37616F821BB6F0690042BC56 /* DDHotKeyCenter.m */; };
		37616F881BB6F0690042BC56 /* DDHotKeyTextField.m in Sources */ = {isa = PBXBuildFile; fileRef = 37616F841BB6F0690042BC56 /* DDHotKeyTextField.m */; };
		37616F891BB6F0690042BC56 /* DDHotKeyUtilities.m in Sources */ = {isa = PBXBuildFile; fileRef = 37616F861BB6F0690042BC56 /* DDHotKeyUtilities.m */; };
/* End PBXBuildFile section */

/* Begin PBXContainerItemProxy section */
		37616F601BB6D0EE0042BC56 /* PBXContainerItemProxy */ = {
			isa = PBXContainerItemProxy;
			containerPortal = 37616F411BB6D0EE0042BC56 /* Project object */;
			proxyType = 1;
			remoteGlobalIDString = 37616F481BB6D0EE0042BC56;
			remoteInfo = AntiTimeDoctor;
		};
/* End PBXContainerItemProxy section */

/* Begin PBXFileReference section */
		37616F491BB6D0EE0042BC56 /* AntiTimeDoctor.app */ = {isa = PBXFileReference; explicitFileType = wrapper.application; includeInIndex = 0; path = AntiTimeDoctor.app; sourceTree = BUILT_PRODUCTS_DIR; };
		37616F4D1BB6D0EE0042BC56 /* Info.plist */ = {isa = PBXFileReference; lastKnownFileType = text.plist.xml; path = Info.plist; sourceTree = "<group>"; };
		37616F4E1BB6D0EE0042BC56 /* AppDelegate.h */ = {isa = PBXFileReference; lastKnownFileType = sourcecode.c.h; path = AppDelegate.h; sourceTree = "<group>"; };
		37616F4F1BB6D0EE0042BC56 /* AppDelegate.m */ = {isa = PBXFileReference; lastKnownFileType = sourcecode.c.objc; path = AppDelegate.m; sourceTree = "<group>"; };
		37616F511BB6D0EE0042BC56 /* main.m */ = {isa = PBXFileReference; lastKnownFileType = sourcecode.c.objc; path = main.m; sourceTree = "<group>"; };
		37616F531BB6D0EE0042BC56 /* ViewController.h */ = {isa = PBXFileReference; lastKnownFileType = sourcecode.c.h; path = ViewController.h; sourceTree = "<group>"; };
		37616F541BB6D0EE0042BC56 /* ViewController.m */ = {isa = PBXFileReference; lastKnownFileType = sourcecode.c.objc; path = ViewController.m; sourceTree = "<group>"; };
		37616F561BB6D0EE0042BC56 /* Images.xcassets */ = {isa = PBXFileReference; lastKnownFileType = folder.assetcatalog; path = Images.xcassets; sourceTree = "<group>"; };
		37616F591BB6D0EE0042BC56 /* Base */ = {isa = PBXFileReference; lastKnownFileType = file.storyboard; name = Base; path = Base.lproj/Main.storyboard; sourceTree = "<group>"; };
		37616F5F1BB6D0EE0042BC56 /* AntiTimeDoctorTests.xctest */ = {isa = PBXFileReference; explicitFileType = wrapper.cfbundle; includeInIndex = 0; path = AntiTimeDoctorTests.xctest; sourceTree = BUILT_PRODUCTS_DIR; };
		37616F641BB6D0EF0042BC56 /* Info.plist */ = {isa = PBXFileReference; lastKnownFileType = text.plist.xml; path = Info.plist; sourceTree = "<group>"; };
		37616F651BB6D0EF0042BC56 /* AntiTimeDoctorTests.m */ = {isa = PBXFileReference; lastKnownFileType = sourcecode.c.objc; path = AntiTimeDoctorTests.m; sourceTree = "<group>"; };
		37616F791BB6EDF10042BC56 /* Carbon.framework */ = {isa = PBXFileReference; lastKnownFileType = wrapper.framework; name = Carbon.framework; path = System/Library/Frameworks/Carbon.framework; sourceTree = SDKROOT; };
		37616F7B1BB6EE250042BC56 /* Cocoa.framework */ = {isa = PBXFileReference; lastKnownFileType = wrapper.framework; name = Cocoa.framework; path = System/Library/Frameworks/Cocoa.framework; sourceTree = SDKROOT; };
		37616F811BB6F0690042BC56 /* DDHotKeyCenter.h */ = {isa = PBXFileReference; fileEncoding = 4; lastKnownFileType = sourcecode.c.h; path = DDHotKeyCenter.h; sourceTree = "<group>"; };
		37616F821BB6F0690042BC56 /* DDHotKeyCenter.m */ = {isa = PBXFileReference; fileEncoding = 4; lastKnownFileType = sourcecode.c.objc; path = DDHotKeyCenter.m; sourceTree = "<group>"; };
		37616F831BB6F0690042BC56 /* DDHotKeyTextField.h */ = {isa = PBXFileReference; fileEncoding = 4; lastKnownFileType = sourcecode.c.h; path = DDHotKeyTextField.h; sourceTree = "<group>"; };
		37616F841BB6F0690042BC56 /* DDHotKeyTextField.m */ = {isa = PBXFileReference; fileEncoding = 4; lastKnownFileType = sourcecode.c.objc; path = DDHotKeyTextField.m; sourceTree = "<group>"; };
		37616F851BB6F0690042BC56 /* DDHotKeyUtilities.h */ = {isa = PBXFileReference; fileEncoding = 4; lastKnownFileType = sourcecode.c.h; path = DDHotKeyUtilities.h; sourceTree = "<group>"; };
		37616F861BB6F0690042BC56 /* DDHotKeyUtilities.m */ = {isa = PBXFileReference; fileEncoding = 4; lastKnownFileType = sourcecode.c.objc; path = DDHotKeyUtilities.m; sourceTree = "<group>"; };
/* End PBXFileReference section */

/* Begin PBXFrameworksBuildPhase section */
		37616F461BB6D0EE0042BC56 /* Frameworks */ = {
			isa = PBXFrameworksBuildPhase;
			buildActionMask = 2147483647;
			files = (
				37616F7C1BB6EE250042BC56 /* Cocoa.framework in Frameworks */,
				37616F7A1BB6EDF10042BC56 /* Carbon.framework in Frameworks */,
			);
			runOnlyForDeploymentPostprocessing = 0;
		};
		37616F5C1BB6D0EE0042BC56 /* Frameworks */ = {
			isa = PBXFrameworksBuildPhase;
			buildActionMask = 2147483647;
			files = (
			);
			runOnlyForDeploymentPostprocessing = 0;
		};
/* End PBXFrameworksBuildPhase section */

/* Begin PBXGroup section */
		37616F401BB6D0EE0042BC56 = {
			isa = PBXGroup;
			children = (
				37616F4B1BB6D0EE0042BC56 /* AntiTimeDoctor */,
				37616F621BB6D0EF0042BC56 /* AntiTimeDoctorTests */,
				37616F4A1BB6D0EE0042BC56 /* Products */,
			);
			sourceTree = "<group>";
		};
		37616F4A1BB6D0EE0042BC56 /* Products */ = {
			isa = PBXGroup;
			children = (
				37616F491BB6D0EE0042BC56 /* AntiTimeDoctor.app */,
				37616F5F1BB6D0EE0042BC56 /* AntiTimeDoctorTests.xctest */,
			);
			name = Products;
			sourceTree = "<group>";
		};
		37616F4B1BB6D0EE0042BC56 /* AntiTimeDoctor */ = {
			isa = PBXGroup;
			children = (
				37616F801BB6F0690042BC56 /* DDHotKey */,
				37616F4E1BB6D0EE0042BC56 /* AppDelegate.h */,
				37616F4F1BB6D0EE0042BC56 /* AppDelegate.m */,
				37616F531BB6D0EE0042BC56 /* ViewController.h */,
				37616F541BB6D0EE0042BC56 /* ViewController.m */,
				37616F561BB6D0EE0042BC56 /* Images.xcassets */,
				37616F581BB6D0EE0042BC56 /* Main.storyboard */,
				37616F7F1BB6F0430042BC56 /* Framework */,
				37616F4C1BB6D0EE0042BC56 /* Supporting Files */,
			);
			path = AntiTimeDoctor;
			sourceTree = "<group>";
		};
		37616F4C1BB6D0EE0042BC56 /* Supporting Files */ = {
			isa = PBXGroup;
			children = (
				37616F4D1BB6D0EE0042BC56 /* Info.plist */,
				37616F511BB6D0EE0042BC56 /* main.m */,
			);
			name = "Supporting Files";
			sourceTree = "<group>";
		};
		37616F621BB6D0EF0042BC56 /* AntiTimeDoctorTests */ = {
			isa = PBXGroup;
			children = (
				37616F651BB6D0EF0042BC56 /* AntiTimeDoctorTests.m */,
				37616F631BB6D0EF0042BC56 /* Supporting Files */,
			);
			path = AntiTimeDoctorTests;
			sourceTree = "<group>";
		};
		37616F631BB6D0EF0042BC56 /* Supporting Files */ = {
			isa = PBXGroup;
			children = (
				37616F641BB6D0EF0042BC56 /* Info.plist */,
			);
			name = "Supporting Files";
			sourceTree = "<group>";
		};
		37616F7F1BB6F0430042BC56 /* Framework */ = {
			isa = PBXGroup;
			children = (
				37616F7B1BB6EE250042BC56 /* Cocoa.framework */,
				37616F791BB6EDF10042BC56 /* Carbon.framework */,
			);
			name = Framework;
			sourceTree = "<group>";
		};
		37616F801BB6F0690042BC56 /* DDHotKey */ = {
			isa = PBXGroup;
			children = (
				37616F811BB6F0690042BC56 /* DDHotKeyCenter.h */,
				37616F821BB6F0690042BC56 /* DDHotKeyCenter.m */,
				37616F831BB6F0690042BC56 /* DDHotKeyTextField.h */,
				37616F841BB6F0690042BC56 /* DDHotKeyTextField.m */,
				37616F851BB6F0690042BC56 /* DDHotKeyUtilities.h */,
				37616F861BB6F0690042BC56 /* DDHotKeyUtilities.m */,
			);
			path = DDHotKey;
			sourceTree = "<group>";
		};
/* End PBXGroup section */

/* Begin PBXNativeTarget section */
		37616F481BB6D0EE0042BC56 /* AntiTimeDoctor */ = {
			isa = PBXNativeTarget;
			buildConfigurationList = 37616F691BB6D0EF0042BC56 /* Build configuration list for PBXNativeTarget "AntiTimeDoctor" */;
			buildPhases = (
				37616F451BB6D0EE0042BC56 /* Sources */,
				37616F461BB6D0EE0042BC56 /* Frameworks */,
				37616F471BB6D0EE0042BC56 /* Resources */,
			);
			buildRules = (
			);
			dependencies = (
			);
			name = AntiTimeDoctor;
			productName = AntiTimeDoctor;
			productReference = 37616F491BB6D0EE0042BC56 /* AntiTimeDoctor.app */;
			productType = "com.apple.product-type.application";
		};
		37616F5E1BB6D0EE0042BC56 /* AntiTimeDoctorTests */ = {
			isa = PBXNativeTarget;
			buildConfigurationList = 37616F6C1BB6D0EF0042BC56 /* Build configuration list for PBXNativeTarget "AntiTimeDoctorTests" */;
			buildPhases = (
				37616F5B1BB6D0EE0042BC56 /* Sources */,
				37616F5C1BB6D0EE0042BC56 /* Frameworks */,
				37616F5D1BB6D0EE0042BC56 /* Resources */,
			);
			buildRules = (
			);
			dependencies = (
				37616F611BB6D0EE0042BC56 /* PBXTargetDependency */,
			);
			name = AntiTimeDoctorTests;
			productName = AntiTimeDoctorTests;
			productReference = 37616F5F1BB6D0EE0042BC56 /* AntiTimeDoctorTests.xctest */;
			productType = "com.apple.product-type.bundle.unit-test";
		};
/* End PBXNativeTarget section */

/* Begin PBXProject section */
		37616F411BB6D0EE0042BC56 /* Project object */ = {
			isa = PBXProject;
			attributes = {
				LastUpgradeCheck = 0640;
				ORGANIZATIONNAME = Hamdy;
				TargetAttributes = {
					37616F481BB6D0EE0042BC56 = {
						CreatedOnToolsVersion = 6.4;
					};
					37616F5E1BB6D0EE0042BC56 = {
						CreatedOnToolsVersion = 6.4;
						TestTargetID = 37616F481BB6D0EE0042BC56;
					};
				};
			};
			buildConfigurationList = 37616F441BB6D0EE0042BC56 /* Build configuration list for PBXProject "AntiTimeDoctor" */;
			compatibilityVersion = "Xcode 3.2";
			developmentRegion = English;
			hasScannedForEncodings = 0;
			knownRegions = (
				en,
				Base,
			);
			mainGroup = 37616F401BB6D0EE0042BC56;
			productRefGroup = 37616F4A1BB6D0EE0042BC56 /* Products */;
			projectDirPath = "";
			projectRoot = "";
			targets = (
				37616F481BB6D0EE0042BC56 /* AntiTimeDoctor */,
				37616F5E1BB6D0EE0042BC56 /* AntiTimeDoctorTests */,
			);
		};
/* End PBXProject section */

/* Begin PBXResourcesBuildPhase section */
		37616F471BB6D0EE0042BC56 /* Resources */ = {
			isa = PBXResourcesBuildPhase;
			buildActionMask = 2147483647;
			files = (
				37616F571BB6D0EE0042BC56 /* Images.xcassets in Resources */,
				37616F5A1BB6D0EE0042BC56 /* Main.storyboard in Resources */,
			);
			runOnlyForDeploymentPostprocessing = 0;
		};
		37616F5D1BB6D0EE0042BC56 /* Resources */ = {
			isa = PBXResourcesBuildPhase;
			buildActionMask = 2147483647;
			files = (
			);
			runOnlyForDeploymentPostprocessing = 0;
		};
/* End PBXResourcesBuildPhase section */

/* Begin PBXSourcesBuildPhase section */
		37616F451BB6D0EE0042BC56 /* Sources */ = {
			isa = PBXSourcesBuildPhase;
			buildActionMask = 2147483647;
			files = (
				37616F881BB6F0690042BC56 /* DDHotKeyTextField.m in Sources */,
				37616F551BB6D0EE0042BC56 /* ViewController.m in Sources */,
				37616F521BB6D0EE0042BC56 /* main.m in Sources */,
				37616F501BB6D0EE0042BC56 /* AppDelegate.m in Sources */,
				37616F871BB6F0690042BC56 /* DDHotKeyCenter.m in Sources */,
				37616F891BB6F0690042BC56 /* DDHotKeyUtilities.m in Sources */,
			);
			runOnlyForDeploymentPostprocessing = 0;
		};
		37616F5B1BB6D0EE0042BC56 /* Sources */ = {
			isa = PBXSourcesBuildPhase;
			buildActionMask = 2147483647;
			files = (
				37616F661BB6D0EF0042BC56 /* AntiTimeDoctorTests.m in Sources */,
			);
			runOnlyForDeploymentPostprocessing = 0;
		};
/* End PBXSourcesBuildPhase section */

/* Begin PBXTargetDependency section */
		37616F611BB6D0EE0042BC56 /* PBXTargetDependency */ = {
			isa = PBXTargetDependency;
			target = 37616F481BB6D0EE0042BC56 /* AntiTimeDoctor */;
			targetProxy = 37616F601BB6D0EE0042BC56 /* PBXContainerItemProxy */;
		};
/* End PBXTargetDependency section */

/* Begin PBXVariantGroup section */
		37616F581BB6D0EE0042BC56 /* Main.storyboard */ = {
			isa = PBXVariantGroup;
			children = (
				37616F591BB6D0EE0042BC56 /* Base */,
			);
			name = Main.storyboard;
			sourceTree = "<group>";
		};
/* End PBXVariantGroup section */

/* Begin XCBuildConfiguration section */
		37616F671BB6D0EF0042BC56 /* Debug */ = {
			isa = XCBuildConfiguration;
			buildSettings = {
				ALWAYS_SEARCH_USER_PATHS = NO;
				CLANG_CXX_LANGUAGE_STANDARD = "gnu++0x";
				CLANG_CXX_LIBRARY = "libc++";
				CLANG_ENABLE_MODULES = YES;
				CLANG_ENABLE_OBJC_ARC = YES;
				CLANG_WARN_BOOL_CONVERSION = YES;
				CLANG_WARN_CONSTANT_CONVERSION = YES;
				CLANG_WARN_DIRECT_OBJC_ISA_USAGE = YES_ERROR;
				CLANG_WARN_EMPTY_BODY = YES;
				CLANG_WARN_ENUM_CONVERSION = YES;
				CLANG_WARN_INT_CONVERSION = YES;
				CLANG_WARN_OBJC_ROOT_CLASS = YES_ERROR;
				CLANG_WARN_UNREACHABLE_CODE = YES;
				CLANG_WARN__DUPLICATE_METHOD_MATCH = YES;
				CODE_SIGN_IDENTITY = "-";
				COPY_PHASE_STRIP = NO;
				DEBUG_INFORMATION_FORMAT = dwarf;
				ENABLE_STRICT_OBJC_MSGSEND = YES;
				GCC_C_LANGUAGE_STANDARD = gnu99;
				GCC_DYNAMIC_NO_PIC = NO;
				GCC_NO_COMMON_BLOCKS = YES;
				GCC_OPTIMIZATION_LEVEL = 0;
				GCC_PREPROCESSOR_DEFINITIONS = (
					"DEBUG=1",
					"$(inherited)",
				);
				GCC_SYMBOLS_PRIVATE_EXTERN = NO;
				GCC_WARN_64_TO_32_BIT_CONVERSION = YES;
				GCC_WARN_ABOUT_RETURN_TYPE = YES_ERROR;
				GCC_WARN_UNDECLARED_SELECTOR = YES;
				GCC_WARN_UNINITIALIZED_AUTOS = YES_AGGRESSIVE;
				GCC_WARN_UNUSED_FUNCTION = YES;
				GCC_WARN_UNUSED_VARIABLE = YES;
				MACOSX_DEPLOYMENT_TARGET = 10.10;
				MTL_ENABLE_DEBUG_INFO = YES;
				ONLY_ACTIVE_ARCH = YES;
				SDKROOT = macosx;
			};
			name = Debug;
		};
		37616F681BB6D0EF0042BC56 /* Release */ = {
			isa = XCBuildConfiguration;
			buildSettings = {
				ALWAYS_SEARCH_USER_PATHS = NO;
				CLANG_CXX_LANGUAGE_STANDARD = "gnu++0x";
				CLANG_CXX_LIBRARY = "libc++";
				CLANG_ENABLE_MODULES = YES;
				CLANG_ENABLE_OBJC_ARC = YES;
				CLANG_WARN_BOOL_CONVERSION = YES;
				CLANG_WARN_CONSTANT_CONVERSION = YES;
				CLANG_WARN_DIRECT_OBJC_ISA_USAGE = YES_ERROR;
				CLANG_WARN_EMPTY_BODY = YES;
				CLANG_WARN_ENUM_CONVERSION = YES;
				CLANG_WARN_INT_CONVERSION = YES;
				CLANG_WARN_OBJC_ROOT_CLASS = YES_ERROR;
				CLANG_WARN_UNREACHABLE_CODE = YES;
				CLANG_WARN__DUPLICATE_METHOD_MATCH = YES;
				CODE_SIGN_IDENTITY = "-";
				COPY_PHASE_STRIP = NO;
				DEBUG_INFORMATION_FORMAT = "dwarf-with-dsym";
				ENABLE_NS_ASSERTIONS = NO;
				ENABLE_STRICT_OBJC_MSGSEND = YES;
				GCC_C_LANGUAGE_STANDARD = gnu99;
				GCC_NO_COMMON_BLOCKS = YES;
				GCC_WARN_64_TO_32_BIT_CONVERSION = YES;
				GCC_WARN_ABOUT_RETURN_TYPE = YES_ERROR;
				GCC_WARN_UNDECLARED_SELECTOR = YES;
				GCC_WARN_UNINITIALIZED_AUTOS = YES_AGGRESSIVE;
				GCC_WARN_UNUSED_FUNCTION = YES;
				GCC_WARN_UNUSED_VARIABLE = YES;
				MACOSX_DEPLOYMENT_TARGET = 10.10;
				MTL_ENABLE_DEBUG_INFO = NO;
				SDKROOT = macosx;
			};
			name = Release;
		};
		37616F6A1BB6D0EF0042BC56 /* Debug */ = {
			isa = XCBuildConfiguration;
			buildSettings = {
				ASSETCATALOG_COMPILER_APPICON_NAME = AppIcon;
				COMBINE_HIDPI_IMAGES = YES;
				INFOPLIST_FILE = AntiTimeDoctor/Info.plist;
				LD_RUNPATH_SEARCH_PATHS = "$(inherited) @executable_path/../Frameworks";
				PRODUCT_NAME = "$(TARGET_NAME)";
			};
			name = Debug;
		};
		37616F6B1BB6D0EF0042BC56 /* Release */ = {
			isa = XCBuildConfiguration;
			buildSettings = {
				ASSETCATALOG_COMPILER_APPICON_NAME = AppIcon;
				COMBINE_HIDPI_IMAGES = YES;
				INFOPLIST_FILE = AntiTimeDoctor/Info.plist;
				LD_RUNPATH_SEARCH_PATHS = "$(inherited) @executable_path/../Frameworks";
				PRODUCT_NAME = "$(TARGET_NAME)";
			};
			name = Release;
		};
		37616F6D1BB6D0EF0042BC56 /* Debug */ = {
			isa = XCBuildConfiguration;
			buildSettings = {
				BUNDLE_LOADER = "$(TEST_HOST)";
				COMBINE_HIDPI_IMAGES = YES;
				FRAMEWORK_SEARCH_PATHS = (
					"$(DEVELOPER_FRAMEWORKS_DIR)",
					"$(inherited)",
				);
				GCC_PREPROCESSOR_DEFINITIONS = (
					"DEBUG=1",
					"$(inherited)",
				);
				INFOPLIST_FILE = AntiTimeDoctorTests/Info.plist;
				LD_RUNPATH_SEARCH_PATHS = "$(inherited) @executable_path/../Frameworks @loader_path/../Frameworks";
				PRODUCT_NAME = "$(TARGET_NAME)";
				TEST_HOST = "$(BUILT_PRODUCTS_DIR)/AntiTimeDoctor.app/Contents/MacOS/AntiTimeDoctor";
			};
			name = Debug;
		};
		37616F6E1BB6D0EF0042BC56 /* Release */ = {
			isa = XCBuildConfiguration;
			buildSettings = {
				BUNDLE_LOADER = "$(TEST_HOST)";
				COMBINE_HIDPI_IMAGES = YES;
				FRAMEWORK_SEARCH_PATHS = (
					"$(DEVELOPER_FRAMEWORKS_DIR)",
					"$(inherited)",
				);
				INFOPLIST_FILE = AntiTimeDoctorTests/Info.plist;
				LD_RUNPATH_SEARCH_PATHS = "$(inherited) @executable_path/../Frameworks @loader_path/../Frameworks";
				PRODUCT_NAME = "$(TARGET_NAME)";
				TEST_HOST = "$(BUILT_PRODUCTS_DIR)/AntiTimeDoctor.app/Contents/MacOS/AntiTimeDoctor";
			};
			name = Release;
		};
/* End XCBuildConfiguration section */

/* Begin XCConfigurationList section */
		37616F441BB6D0EE0042BC56 /* Build configuration list for PBXProject "AntiTimeDoctor" */ = {
			isa = XCConfigurationList;
			buildConfigurations = (
				37616F671BB6D0EF0042BC56 /* Debug */,
				37616F681BB6D0EF0042BC56 /* Release */,
			);
			defaultConfigurationIsVisible = 0;
			defaultConfigurationName = Release;
		};
		37616F691BB6D0EF0042BC56 /* Build configuration list for PBXNativeTarget "AntiTimeDoctor" */ = {
			isa = XCConfigurationList;
			buildConfigurations = (
				37616F6A1BB6D0EF0042BC56 /* Debug */,
				37616F6B1BB6D0EF0042BC56 /* Release */,
			);
			defaultConfigurationIsVisible = 0;
			defaultConfigurationName = Release;
		};
		37616F6C1BB6D0EF0042BC56 /* Build configuration list for PBXNativeTarget "AntiTimeDoctorTests" */ = {
			isa = XCConfigurationList;
			buildConfigurations = (
				37616F6D1BB6D0EF0042BC56 /* Debug */,
				37616F6E1BB6D0EF0042BC56 /* Release */,
			);
			defaultConfigurationIsVisible = 0;
			defaultConfigurationName = Release;
		};
/* End XCConfigurationList section */
	};
	rootObject = 37616F411BB6D0EE0042BC56 /* Project object */;
}
